
Microsoft Visual Studio Solution File, Format Version 12.00
# Visual Studio Version 17
VisualStudioVersion = 17.5.002.0
MinimumVisualStudioVersion = 10.0.40219.1
Project("{9A19103F-16F7-4668-BE54-9A1E7A4F7556}") = "Nexus", "Nexus.csproj", "{3A420246-125B-4881-BDDF-4ECB861A3468}"
EndProject
Global
	GlobalSection(SolutionConfigurationPlatforms) = preSolution
		Debug|Any CPU = Debug|Any CPU
		Release|Any CPU = Release|Any CPU
	EndGlobalSection
	GlobalSection(ProjectConfigurationPlatforms) = postSolution
		{3A420246-125B-4881-BDDF-4ECB861A3468}.Debug|Any CPU.ActiveCfg = Debug|Any CPU
		{3A420246-125B-4881-BDDF-4ECB861A3468}.Debug|Any CPU.Build.0 = Debug|Any CPU
		{3A420246-125B-4881-BDDF-4ECB861A3468}.Release|Any CPU.ActiveCfg = Release|Any CPU
		{3A420246-125B-4881-BDDF-4ECB861A3468}.Release|Any CPU.Build.0 = Release|Any CPU
	EndGlobalSection
	GlobalSection(SolutionProperties) = preSolution
		HideSolutionNode = FALSE
	EndGlobalSection
	GlobalSection(ExtensibilityGlobals) = postSolution
		SolutionGuid = {0ED85617-A8DA-4FA1-AE88-48B20286ACAA}
	EndGlobalSection
EndGlobal
